
Microsoft Visual Studio Solution File, Format Version 12.00
# Visual Studio Version 16
VisualStudioVersion = 16.0.31702.278
MinimumVisualStudioVersion = 10.0.40219.1
Project("{FAE04EC0-301F-11D3-BF4B-00C04F79EFBC}") = "week9", "week9\week9.csproj", "{668429E6-AFB0-495D-8830-AC1A5C065E70}"
EndProject
Global
	GlobalSection(SolutionConfigurationPlatforms) = preSolution
		Debug|Any CPU = Debug|Any CPU
		Release|Any CPU = Release|Any CPU
	EndGlobalSection
	GlobalSection(ProjectConfigurationPlatforms) = postSolution
		{668429E6-AFB0-495D-8830-AC1A5C065E70}.Debug|Any CPU.ActiveCfg = Debug|Any CPU
		{668429E6-AFB0-495D-8830-AC1A5C065E70}.Debug|Any CPU.Build.0 = Debug|Any CPU
		{668429E6-AFB0-495D-8830-AC1A5C065E70}.Release|Any CPU.ActiveCfg = Release|Any CPU
		{668429E6-AFB0-495D-8830-AC1A5C065E70}.Release|Any CPU.Build.0 = Release|Any CPU
	EndGlobalSection
	GlobalSection(SolutionProperties) = preSolution
		HideSolutionNode = FALSE
	EndGlobalSection
	GlobalSection(ExtensibilityGlobals) = postSolution
		SolutionGuid = {885DAB56-B058-43D3-AAFE-579F9CFC2C10}
	EndGlobalSection
EndGlobal
